
Microsoft Visual Studio Solution File, Format Version 12.00
# Visual Studio 2013
VisualStudioVersion = 12.0.30501.0
MinimumVisualStudioVersion = 10.0.40219.1
Project("{FAE04EC0-301F-11D3-BF4B-00C04F79EFBC}") = "CoreTweet", "CoreTweet\CoreTweet.csproj", "{B8237636-EC72-47BD-887B-E66D4123F422}"
EndProject
Project("{FAE04EC0-301F-11D3-BF4B-00C04F79EFBC}") = "CoreTweet.Streaming.Reactive", "CoreTweet.Streaming.Reactive\CoreTweet.Streaming.Reactive.csproj", "{7F946219-A568-4E49-955D-F18C20CEF016}"
EndProject
Project("{2150E333-8FDC-42A3-9474-1A3956D46DE8}") = "Solution Items", "Solution Items", "{9781AAC6-F2C8-4DAA-9922-46B937854383}"
	ProjectSection(SolutionItems) = preProject
		LICENSE = LICENSE
		README.md = README.md
	EndProjectSection
EndProject
Project("{FAE04EC0-301F-11D3-BF4B-00C04F79EFBC}") = "CoreTweet.net35", "CoreTweet.net35\CoreTweet.net35.csproj", "{CD5D0F3D-6520-4EA9-9B22-710EBC2558B9}"
EndProject
Project("{FAE04EC0-301F-11D3-BF4B-00C04F79EFBC}") = "CoreTweet.net45", "CoreTweet.net45\CoreTweet.net45.csproj", "{5AE5A341-5E2B-42AF-946A-7043BAD12817}"
EndProject
Project("{FAE04EC0-301F-11D3-BF4B-00C04F79EFBC}") = "CoreTweet.Pcl", "CoreTweet.Pcl\CoreTweet.Pcl.csproj", "{F44D26B3-DDFB-4E62-9A4F-D127C6B42314}"
EndProject
Project("{FAE04EC0-301F-11D3-BF4B-00C04F79EFBC}") = "CoreTweet.Streaming.Reactive.Pcl", "CoreTweet.Streaming.Reactive.Pcl\CoreTweet.Streaming.Reactive.Pcl.csproj", "{26860A9F-C486-40DC-8143-67C1D5AAB6C0}"
EndProject
Project("{FAE04EC0-301F-11D3-BF4B-00C04F79EFBC}") = "CoreTweet.Universal", "CoreTweet.Universal\CoreTweet.Universal.csproj", "{AA61A688-5AF5-4171-99CA-5D3EF3DCE9E6}"
EndProject
Project("{FAE04EC0-301F-11D3-BF4B-00C04F79EFBC}") = "CoreTweet.win8", "CoreTweet.win8\CoreTweet.win8.csproj", "{435386B3-4873-439A-9D17-889C2EEAAA5A}"
EndProject
Project("{FAE04EC0-301F-11D3-BF4B-00C04F79EFBC}") = "CoreTweet.wp8", "CoreTweet.wp8\CoreTweet.wp8.csproj", "{B63F0009-503F-4ED0-A302-8CB2DB69FB1A}"
EndProject
Global
	GlobalSection(SolutionConfigurationPlatforms) = preSolution
		Debug|Any CPU = Debug|Any CPU
		Debug|ARM = Debug|ARM
		Debug|x64 = Debug|x64
		Debug|x86 = Debug|x86
		Release|Any CPU = Release|Any CPU
		Release|ARM = Release|ARM
		Release|x64 = Release|x64
		Release|x86 = Release|x86
	EndGlobalSection
	GlobalSection(ProjectConfigurationPlatforms) = postSolution
		{B8237636-EC72-47BD-887B-E66D4123F422}.Debug|Any CPU.ActiveCfg = Debug|Any CPU
		{B8237636-EC72-47BD-887B-E66D4123F422}.Debug|Any CPU.Build.0 = Debug|Any CPU
		{B8237636-EC72-47BD-887B-E66D4123F422}.Debug|ARM.ActiveCfg = Debug|Any CPU
		{B8237636-EC72-47BD-887B-E66D4123F422}.Debug|x64.ActiveCfg = Debug|Any CPU
		{B8237636-EC72-47BD-887B-E66D4123F422}.Debug|x86.ActiveCfg = Debug|Any CPU
		{B8237636-EC72-47BD-887B-E66D4123F422}.Release|Any CPU.ActiveCfg = Release|Any CPU
		{B8237636-EC72-47BD-887B-E66D4123F422}.Release|Any CPU.Build.0 = Release|Any CPU
		{B8237636-EC72-47BD-887B-E66D4123F422}.Release|ARM.ActiveCfg = Release|Any CPU
		{B8237636-EC72-47BD-887B-E66D4123F422}.Release|x64.ActiveCfg = Release|Any CPU
		{B8237636-EC72-47BD-887B-E66D4123F422}.Release|x86.ActiveCfg = Release|Any CPU
		{7F946219-A568-4E49-955D-F18C20CEF016}.Debug|Any CPU.ActiveCfg = Debug|Any CPU
		{7F946219-A568-4E49-955D-F18C20CEF016}.Debug|Any CPU.Build.0 = Debug|Any CPU
		{7F946219-A568-4E49-955D-F18C20CEF016}.Debug|ARM.ActiveCfg = Debug|Any CPU
		{7F946219-A568-4E49-955D-F18C20CEF016}.Debug|x64.ActiveCfg = Debug|Any CPU
		{7F946219-A568-4E49-955D-F18C20CEF016}.Debug|x86.ActiveCfg = Debug|Any CPU
		{7F946219-A568-4E49-955D-F18C20CEF016}.Release|Any CPU.ActiveCfg = Release|Any CPU
		{7F946219-A568-4E49-955D-F18C20CEF016}.Release|Any CPU.Build.0 = Release|Any CPU
		{7F946219-A568-4E49-955D-F18C20CEF016}.Release|ARM.ActiveCfg = Release|Any CPU
		{7F946219-A568-4E49-955D-F18C20CEF016}.Release|x64.ActiveCfg = Release|Any CPU
		{7F946219-A568-4E49-955D-F18C20CEF016}.Release|x86.ActiveCfg = Release|Any CPU
		{CD5D0F3D-6520-4EA9-9B22-710EBC2558B9}.Debug|Any CPU.ActiveCfg = Debug|Any CPU
		{CD5D0F3D-6520-4EA9-9B22-710EBC2558B9}.Debug|Any CPU.Build.0 = Debug|Any CPU
		{CD5D0F3D-6520-4EA9-9B22-710EBC2558B9}.Debug|ARM.ActiveCfg = Debug|Any CPU
		{CD5D0F3D-6520-4EA9-9B22-710EBC2558B9}.Debug|x64.ActiveCfg = Debug|Any CPU
		{CD5D0F3D-6520-4EA9-9B22-710EBC2558B9}.Debug|x86.ActiveCfg = Debug|Any CPU
		{CD5D0F3D-6520-4EA9-9B22-710EBC2558B9}.Release|Any CPU.ActiveCfg = Release|Any CPU
		{CD5D0F3D-6520-4EA9-9B22-710EBC2558B9}.Release|Any CPU.Build.0 = Release|Any CPU
		{CD5D0F3D-6520-4EA9-9B22-710EBC2558B9}.Release|ARM.ActiveCfg = Release|Any CPU
		{CD5D0F3D-6520-4EA9-9B22-710EBC2558B9}.Release|x64.ActiveCfg = Release|Any CPU
		{CD5D0F3D-6520-4EA9-9B22-710EBC2558B9}.Release|x86.ActiveCfg = Release|Any CPU
		{5AE5A341-5E2B-42AF-946A-7043BAD12817}.Debug|Any CPU.ActiveCfg = Debug|Any CPU
		{5AE5A341-5E2B-42AF-946A-7043BAD12817}.Debug|Any CPU.Build.0 = Debug|Any CPU
		{5AE5A341-5E2B-42AF-946A-7043BAD12817}.Debug|ARM.ActiveCfg = Debug|Any CPU
		{5AE5A341-5E2B-42AF-946A-7043BAD12817}.Debug|x64.ActiveCfg = Debug|Any CPU
		{5AE5A341-5E2B-42AF-946A-7043BAD12817}.Debug|x86.ActiveCfg = Debug|Any CPU
		{5AE5A341-5E2B-42AF-946A-7043BAD12817}.Release|Any CPU.ActiveCfg = Release|Any CPU
		{5AE5A341-5E2B-42AF-946A-7043BAD12817}.Release|Any CPU.Build.0 = Release|Any CPU
		{5AE5A341-5E2B-42AF-946A-7043BAD12817}.Release|ARM.ActiveCfg = Release|Any CPU
		{5AE5A341-5E2B-42AF-946A-7043BAD12817}.Release|x64.ActiveCfg = Release|Any CPU
		{5AE5A341-5E2B-42AF-946A-7043BAD12817}.Release|x86.ActiveCfg = Release|Any CPU
		{F44D26B3-DDFB-4E62-9A4F-D127C6B42314}.Debug|Any CPU.ActiveCfg = Debug|Any CPU
		{F44D26B3-DDFB-4E62-9A4F-D127C6B42314}.Debug|Any CPU.Build.0 = Debug|Any CPU
		{F44D26B3-DDFB-4E62-9A4F-D127C6B42314}.Debug|ARM.ActiveCfg = Debug|Any CPU
		{F44D26B3-DDFB-4E62-9A4F-D127C6B42314}.Debug|x64.ActiveCfg = Debug|Any CPU
		{F44D26B3-DDFB-4E62-9A4F-D127C6B42314}.Debug|x86.ActiveCfg = Debug|Any CPU
		{F44D26B3-DDFB-4E62-9A4F-D127C6B42314}.Release|Any CPU.ActiveCfg = Release|Any CPU
		{F44D26B3-DDFB-4E62-9A4F-D127C6B42314}.Release|Any CPU.Build.0 = Release|Any CPU
		{F44D26B3-DDFB-4E62-9A4F-D127C6B42314}.Release|ARM.ActiveCfg = Release|Any CPU
		{F44D26B3-DDFB-4E62-9A4F-D127C6B42314}.Release|x64.ActiveCfg = Release|Any CPU
		{F44D26B3-DDFB-4E62-9A4F-D127C6B42314}.Release|x86.ActiveCfg = Release|Any CPU
		{26860A9F-C486-40DC-8143-67C1D5AAB6C0}.Debug|Any CPU.ActiveCfg = Debug|Any CPU
		{26860A9F-C486-40DC-8143-67C1D5AAB6C0}.Debug|Any CPU.Build.0 = Debug|Any CPU
		{26860A9F-C486-40DC-8143-67C1D5AAB6C0}.Debug|ARM.ActiveCfg = Debug|Any CPU
		{26860A9F-C486-40DC-8143-67C1D5AAB6C0}.Debug|x64.ActiveCfg = Debug|Any CPU
		{26860A9F-C486-40DC-8143-67C1D5AAB6C0}.Debug|x86.ActiveCfg = Debug|Any CPU
		{26860A9F-C486-40DC-8143-67C1D5AAB6C0}.Release|Any CPU.ActiveCfg = Release|Any CPU
		{26860A9F-C486-40DC-8143-67C1D5AAB6C0}.Release|Any CPU.Build.0 = Release|Any CPU
		{26860A9F-C486-40DC-8143-67C1D5AAB6C0}.Release|ARM.ActiveCfg = Release|Any CPU
		{26860A9F-C486-40DC-8143-67C1D5AAB6C0}.Release|x64.ActiveCfg = Release|Any CPU
		{26860A9F-C486-40DC-8143-67C1D5AAB6C0}.Release|x86.ActiveCfg = Release|Any CPU
		{AA61A688-5AF5-4171-99CA-5D3EF3DCE9E6}.Debug|Any CPU.ActiveCfg = Debug|Any CPU
		{AA61A688-5AF5-4171-99CA-5D3EF3DCE9E6}.Debug|Any CPU.Build.0 = Debug|Any CPU
		{AA61A688-5AF5-4171-99CA-5D3EF3DCE9E6}.Debug|ARM.ActiveCfg = Debug|Any CPU
		{AA61A688-5AF5-4171-99CA-5D3EF3DCE9E6}.Debug|x64.ActiveCfg = Debug|Any CPU
		{AA61A688-5AF5-4171-99CA-5D3EF3DCE9E6}.Debug|x86.ActiveCfg = Debug|Any CPU
		{AA61A688-5AF5-4171-99CA-5D3EF3DCE9E6}.Release|Any CPU.ActiveCfg = Release|Any CPU
		{AA61A688-5AF5-4171-99CA-5D3EF3DCE9E6}.Release|Any CPU.Build.0 = Release|Any CPU
		{AA61A688-5AF5-4171-99CA-5D3EF3DCE9E6}.Release|ARM.ActiveCfg = Release|Any CPU
		{AA61A688-5AF5-4171-99CA-5D3EF3DCE9E6}.Release|x64.ActiveCfg = Release|Any CPU
		{AA61A688-5AF5-4171-99CA-5D3EF3DCE9E6}.Release|x86.ActiveCfg = Release|Any CPU
		{435386B3-4873-439A-9D17-889C2EEAAA5A}.Debug|Any CPU.ActiveCfg = Debug|Any CPU
		{435386B3-4873-439A-9D17-889C2EEAAA5A}.Debug|Any CPU.Build.0 = Debug|Any CPU
		{435386B3-4873-439A-9D17-889C2EEAAA5A}.Debug|ARM.ActiveCfg = Debug|ARM
		{435386B3-4873-439A-9D17-889C2EEAAA5A}.Debug|ARM.Build.0 = Debug|ARM
		{435386B3-4873-439A-9D17-889C2EEAAA5A}.Debug|x64.ActiveCfg = Debug|x64
		{435386B3-4873-439A-9D17-889C2EEAAA5A}.Debug|x64.Build.0 = Debug|x64
		{435386B3-4873-439A-9D17-889C2EEAAA5A}.Debug|x86.ActiveCfg = Debug|x86
		{435386B3-4873-439A-9D17-889C2EEAAA5A}.Debug|x86.Build.0 = Debug|x86
		{435386B3-4873-439A-9D17-889C2EEAAA5A}.Release|Any CPU.ActiveCfg = Release|Any CPU
		{435386B3-4873-439A-9D17-889C2EEAAA5A}.Release|Any CPU.Build.0 = Release|Any CPU
		{435386B3-4873-439A-9D17-889C2EEAAA5A}.Release|ARM.ActiveCfg = Release|ARM
		{435386B3-4873-439A-9D17-889C2EEAAA5A}.Release|ARM.Build.0 = Release|ARM
		{435386B3-4873-439A-9D17-889C2EEAAA5A}.Release|x64.ActiveCfg = Release|x64
		{435386B3-4873-439A-9D17-889C2EEAAA5A}.Release|x64.Build.0 = Release|x64
		{435386B3-4873-439A-9D17-889C2EEAAA5A}.Release|x86.ActiveCfg = Release|x86
		{435386B3-4873-439A-9D17-889C2EEAAA5A}.Release|x86.Build.0 = Release|x86
		{B63F0009-503F-4ED0-A302-8CB2DB69FB1A}.Debug|Any CPU.ActiveCfg = Debug|Any CPU
		{B63F0009-503F-4ED0-A302-8CB2DB69FB1A}.Debug|Any CPU.Build.0 = Debug|Any CPU
		{B63F0009-503F-4ED0-A302-8CB2DB69FB1A}.Debug|ARM.ActiveCfg = Debug|ARM
		{B63F0009-503F-4ED0-A302-8CB2DB69FB1A}.Debug|ARM.Build.0 = Debug|ARM
		{B63F0009-503F-4ED0-A302-8CB2DB69FB1A}.Debug|x64.ActiveCfg = Debug|Any CPU
		{B63F0009-503F-4ED0-A302-8CB2DB69FB1A}.Debug|x86.ActiveCfg = Debug|x86
		{B63F0009-503F-4ED0-A302-8CB2DB69FB1A}.Debug|x86.Build.0 = Debug|x86
		{B63F0009-503F-4ED0-A302-8CB2DB69FB1A}.Release|Any CPU.ActiveCfg = Release|Any CPU
		{B63F0009-503F-4ED0-A302-8CB2DB69FB1A}.Release|Any CPU.Build.0 = Release|Any CPU
		{B63F0009-503F-4ED0-A302-8CB2DB69FB1A}.Release|ARM.ActiveCfg = Release|ARM
		{B63F0009-503F-4ED0-A302-8CB2DB69FB1A}.Release|ARM.Build.0 = Release|ARM
		{B63F0009-503F-4ED0-A302-8CB2DB69FB1A}.Release|x64.ActiveCfg = Release|Any CPU
		{B63F0009-503F-4ED0-A302-8CB2DB69FB1A}.Release|x86.ActiveCfg = Release|x86
		{B63F0009-503F-4ED0-A302-8CB2DB69FB1A}.Release|x86.Build.0 = Release|x86
	EndGlobalSection
	GlobalSection(SolutionProperties) = preSolution
		HideSolutionNode = FALSE
	EndGlobalSection
	GlobalSection(MonoDevelopProperties) = preSolution
		StartupItem = CoreTweet\CoreTweet.csproj
		Policies = $0
		$0.TextStylePolicy = $1
		$1.FileWidth = 999
		$1.inheritsSet = VisualStudio
		$1.inheritsScope = text/plain
		$1.scope = text/x-csharp
		$0.CSharpFormattingPolicy = $2
		$2.IndentSwitchBody = True
		$2.AnonymousMethodBraceStyle = NextLine
		$2.PropertyBraceStyle = NextLine
		$2.PropertyGetBraceStyle = NextLine
		$2.PropertySetBraceStyle = NextLine
		$2.EventBraceStyle = NextLine
		$2.EventAddBraceStyle = NextLine
		$2.EventRemoveBraceStyle = NextLine
		$2.StatementBraceStyle = NextLine
		$2.BeforeMethodDeclarationParentheses = False
		$2.BeforeMethodCallParentheses = False
		$2.BeforeConstructorDeclarationParentheses = False
		$2.BeforeDelegateDeclarationParentheses = False
		$2.NewParentheses = False
		$2.IfParentheses = False
		$2.WhileParentheses = False
		$2.ForParentheses = False
		$2.ForeachParentheses = False
		$2.CatchParentheses = False
		$2.SwitchParentheses = False
		$2.LockParentheses = False
		$2.UsingParentheses = False
		$2.SpacesBeforeBrackets = False
		$2.inheritsSet = Mono
		$2.inheritsScope = text/x-csharp
		$2.scope = text/x-csharp
		$0.DotNetNamingPolicy = $3
		$3.DirectoryNamespaceAssociation = None
		$3.ResourceNamePolicy = FileFormatDefault
	EndGlobalSection
EndGlobal
