
Microsoft Visual Studio Solution File, Format Version 11.00
# Visual Studio 2010
Project("{FAE04EC0-301F-11D3-BF4B-00C04F79EFBC}") = "CoreTweet", "CoreTweet\CoreTweet.csproj", "{B8237636-EC72-47BD-887B-E66D4123F422}"
EndProject
Project("{FAE04EC0-301F-11D3-BF4B-00C04F79EFBC}") = "CoreTweet.Streaming.Reactive", "CoreTweet.Streaming.Reactive\CoreTweet.Streaming.Reactive.csproj", "{7F946219-A568-4E49-955D-F18C20CEF016}"
EndProject
Project("{2150E333-8FDC-42A3-9474-1A3956D46DE8}") = "Solution Items", "Solution Items", "{9781AAC6-F2C8-4DAA-9922-46B937854383}"
	ProjectSection(SolutionItems) = preProject
		LICENSE = LICENSE
		README.md = README.md
		CoreTweet.Streaming.Reactive.nuspec = CoreTweet.Streaming.Reactive.nuspec
		CoreTweet.nuspec = CoreTweet.nuspec
		makedoc.sh = makedoc.sh
		nugetpack.sh = nugetpack.sh
	EndProjectSection
EndProject
Global
	GlobalSection(SolutionConfigurationPlatforms) = preSolution
		Debug|Any CPU = Debug|Any CPU
		Release|Any CPU = Release|Any CPU
	EndGlobalSection
	GlobalSection(ProjectConfigurationPlatforms) = postSolution
		{7F946219-A568-4E49-955D-F18C20CEF016}.Debug|Any CPU.ActiveCfg = Debug|Any CPU
		{7F946219-A568-4E49-955D-F18C20CEF016}.Debug|Any CPU.Build.0 = Debug|Any CPU
		{7F946219-A568-4E49-955D-F18C20CEF016}.Release|Any CPU.ActiveCfg = Release|Any CPU
		{7F946219-A568-4E49-955D-F18C20CEF016}.Release|Any CPU.Build.0 = Release|Any CPU
		{B8237636-EC72-47BD-887B-E66D4123F422}.Debug|Any CPU.ActiveCfg = Debug|Any CPU
		{B8237636-EC72-47BD-887B-E66D4123F422}.Debug|Any CPU.Build.0 = Debug|Any CPU
		{B8237636-EC72-47BD-887B-E66D4123F422}.Release|Any CPU.ActiveCfg = Release|Any CPU
		{B8237636-EC72-47BD-887B-E66D4123F422}.Release|Any CPU.Build.0 = Release|Any CPU
	EndGlobalSection
	GlobalSection(NestedProjects) = preSolution
	EndGlobalSection
	GlobalSection(MonoDevelopProperties) = preSolution
		StartupItem = CoreTweet\CoreTweet.csproj
		Policies = $0
		$0.TextStylePolicy = $1
		$1.FileWidth = 999
		$1.inheritsSet = VisualStudio
		$1.inheritsScope = text/plain
		$1.scope = text/x-csharp
		$0.CSharpFormattingPolicy = $2
		$2.IndentSwitchBody = True
		$2.AnonymousMethodBraceStyle = NextLine
		$2.PropertyBraceStyle = NextLine
		$2.PropertyGetBraceStyle = NextLine
		$2.PropertySetBraceStyle = NextLine
		$2.EventBraceStyle = NextLine
		$2.EventAddBraceStyle = NextLine
		$2.EventRemoveBraceStyle = NextLine
		$2.StatementBraceStyle = NextLine
		$2.BeforeMethodDeclarationParentheses = False
		$2.BeforeMethodCallParentheses = False
		$2.BeforeConstructorDeclarationParentheses = False
		$2.BeforeDelegateDeclarationParentheses = False
		$2.NewParentheses = False
		$2.IfParentheses = False
		$2.WhileParentheses = False
		$2.ForParentheses = False
		$2.ForeachParentheses = False
		$2.CatchParentheses = False
		$2.SwitchParentheses = False
		$2.LockParentheses = False
		$2.UsingParentheses = False
		$2.SpacesBeforeBrackets = False
		$2.inheritsSet = Mono
		$2.inheritsScope = text/x-csharp
		$2.scope = text/x-csharp
		$0.DotNetNamingPolicy = $3
		$3.DirectoryNamespaceAssociation = None
		$3.ResourceNamePolicy = FileFormatDefault
	EndGlobalSection
EndGlobal
